# THIS IS AN AUTOGENERATED FILE. DO NOT EDIT THIS FILE DIRECTLY.
# yarn lockfile v1


clone@^1.0.2:
  version "1.0.4"
  resolved "https://registry.yarnpkg.com/clone/-/clone-1.0.4.tgz#da309cc263df15994c688ca902179ca3c7cd7c7e"
  integrity sha512-JQHZ2QMW6l3aH/j6xCqQThY/9OH4D/9ls34cgkUBiEeocRTU04tHfKPBsUK1PqZCUQM7GiA0IIXJSuXHI64Kbg==

color-convert@^1.3.0:
  version "1.9.3"
  resolved "https://registry.yarnpkg.com/color-convert/-/color-convert-1.9.3.tgz#bb71850690e1f136567de629d2d5471deda4c1e8"
  integrity sha512-QfAUtd+vFdAtFQcC8CCyYt1fYWxSqAiK2cSD6zDB8N3cpsEBAvRxp9zOGg6G/SHHJYAT88/az/IuDGALsNVbGg==
  dependencies:
    color-name "1.1.3"

color-name@1.1.3:
  version "1.1.3"
  resolved "https://registry.yarnpkg.com/color-name/-/color-name-1.1.3.tgz#a7d0558bd89c42f795dd42328f740831ca53bc25"
  integrity sha512-72fSenhMw2HZMTVHeCA9KCmpEIbzWiQsjN+BHcBbS9vr1mtt+vJjPdksIBNUmKAW8TFUDPJK5SUU3QhE9NEXDw==

color-name@^1.0.0:
  version "1.1.4"
  resolved "https://registry.yarnpkg.com/color-name/-/color-name-1.1.4.tgz#c2a09a87acbde69543de6f63fa3995c826c536a2"
  integrity sha512-dOy+3AuW3a2wNbZHIuMZpTcgjGuLU/uBL/ubcZF9OXbDo8ff4O8yVp5Bf0efS8uEoYo5q4Fx7dY9OgQGXgAsQA==

color-string@^0.3.0:
  version "0.3.0"
  resolved "https://registry.yarnpkg.com/color-string/-/color-string-0.3.0.tgz#27d46fb67025c5c2fa25993bfbf579e47841b991"
  integrity sha512-sz29j1bmSDfoAxKIEU6zwoIZXN6BrFbAMIhfYCNyiZXBDuU/aiHlN84lp/xDzL2ubyFhLDobHIlU1X70XRrMDA==
  dependencies:
    color-name "^1.0.0"

color@^0.11.1:
  version "0.11.4"
  resolved "https://registry.yarnpkg.com/color/-/color-0.11.4.tgz#6d7b5c74fb65e841cd48792ad1ed5e07b904d764"
  integrity sha512-Ajpjd8asqZ6EdxQeqGzU5WBhhTfJ/0cA4Wlbre7e5vXfmDSmda7Ov6jeKoru+b0vHcb1CqvuroTHp5zIWzhVMA==
  dependencies:
    clone "^1.0.2"
    color-convert "^1.3.0"
    color-string "^0.3.0"

d3-color@1:
  version "1.4.1"
  resolved "https://registry.yarnpkg.com/d3-color/-/d3-color-1.4.1.tgz#c52002bf8846ada4424d55d97982fef26eb3bc8a"
  integrity sha512-p2sTHSLCJI2QKunbGb7ocOh7DgTAn8IrLx21QRc/BSnodXM4sv6aLQlnfpvehFMLZEfBc6g9pH9SWQccFYfJ9Q==

d3-interpolate@^1.1.2:
  version "1.4.0"
  resolved "https://registry.yarnpkg.com/d3-interpolate/-/d3-interpolate-1.4.0.tgz#526e79e2d80daa383f9e0c1c1c7dcc0f0583e987"
  integrity sha512-V9znK0zc3jOPV4VD2zZn0sDhZU3WAE2bmlxdIwwQPPzPjvyLkd8B3JUVdS1IDUFDkWZ72c9qnv1GK2ZagTZ8EA==
  dependencies:
    d3-color "1"

"js-tokens@^3.0.0 || ^4.0.0":
  version "4.0.0"
  resolved "https://registry.yarnpkg.com/js-tokens/-/js-tokens-4.0.0.tgz#19203fb59991df98e3a287050d4647cdeaf32499"
  integrity sha512-RdJUflcE3cUzKiMqQgsCu06FPu9UdIJO0beYbPhHN4k6apgJtifcoCtT9bcxOpYBtpD2kCM6Sbzg4CausW/PKQ==

lodash.range@^3.2.0:
  version "3.2.0"
  resolved "https://registry.yarnpkg.com/lodash.range/-/lodash.range-3.2.0.tgz#f461e588f66683f7eadeade513e38a69a565a15d"
  integrity sha512-Fgkb7SinmuzqgIhNhAElo0BL/R1rHCnhwSZf78omqSwvWqD0kD2ssOAutQonDKH/ldS8BxA72ORYI09qAY9CYg==

lodash@^4.16.6:
  version "4.17.21"
  resolved "https://registry.yarnpkg.com/lodash/-/lodash-4.17.21.tgz#679591c564c3bffaae8454cf0b3df370c3d6911c"
  integrity sha512-v2kDEe57lecTulaDIuNTPy3Ry4gLGJ6Z1O3vE1krgXZNrsQ+LFTGHVxVjcXPs17LhbZVGedAJv8XZ1tvj5FvSg==

loose-envify@^1.4.0:
  version "1.4.0"
  resolved "https://registry.yarnpkg.com/loose-envify/-/loose-envify-1.4.0.tgz#71ee51fa7be4caec1a63839f7e682d8132d30caf"
  integrity sha512-lyuxPGr/Wfhrlem2CL/UcnUc1zcqKAImBDzukY7Y5F/yQiNdko6+fRLevlw1HgMySw7f611UIY408EtxRSoK3Q==
  dependencies:
    js-tokens "^3.0.0 || ^4.0.0"

object-assign@^4.1.1:
  version "4.1.1"
  resolved "https://registry.yarnpkg.com/object-assign/-/object-assign-4.1.1.tgz#2109adc7965887cfc05cbbd442cac8bfbb360863"
  integrity sha512-rJgTQnkUnH1sFw8yT6VSU3zD3sWmu6sZhIseY8VX+GRu3P6F7Fu+JNDoXfklElbLJSnc3FUQHVe4cU5hj+BcUg==

prop-types@^15.7.2:
  version "15.8.1"
  resolved "https://registry.yarnpkg.com/prop-types/-/prop-types-15.8.1.tgz#67d87bf1a694f48435cf332c24af10214a3140b5"
  integrity sha512-oj87CgZICdulUohogVAR7AjlC0327U4el4L6eAvOqCeudMDVU0NThNaV+b9Df4dXgSP1gXMTnPdhfe/2qDH5cg==
  dependencies:
    loose-envify "^1.4.0"
    object-assign "^4.1.1"
    react-is "^16.13.1"

react-is@^16.13.1:
  version "16.13.1"
  resolved "https://registry.yarnpkg.com/react-is/-/react-is-16.13.1.tgz#789729a4dc36de2999dc156dd6c1d9c18cea56a4"
  integrity sha512-24e6ynE2H+OKt4kqsOvNd8kBpV65zoxbA4BVsEOB3ARVWQki/DHzaUoC5KuON/BiccDaCCTZBuOcfZs70kR8bQ==

react-native-svg@^5.1.5:
  version "5.5.1"
  resolved "https://registry.yarnpkg.com/react-native-svg/-/react-native-svg-5.5.1.tgz#633d882077f048f05c721ebb793cd073e846ba1f"
  integrity sha512-+RGNhBvwEMFRGeEtG2waIp1mzNyTKm/cLcynC4otgnXAcTXzuWsz8uq695GekkJ49BYWAtNyaIs8ezettU+0gA==
  dependencies:
    color "^0.11.1"
    lodash "^4.16.6"
